
Microsoft Visual Studio Solution File, Format Version 12.00
# Visual Studio Version 17
VisualStudioVersion = 17.5.33530.505
MinimumVisualStudioVersion = 10.0.40219.1
Project("{FAE04EC0-301F-11D3-BF4B-00C04F79EFBC}") = "CAB301_Assignment3", "CAB301_Assignment3.csproj", "{CFBA41A5-4620-414D-A095-EA2EEB63CD73}"
EndProject
Global
	GlobalSection(SolutionConfigurationPlatforms) = preSolution
		Debug|Any CPU = Debug|Any CPU
		Release|Any CPU = Release|Any CPU
	EndGlobalSection
	GlobalSection(ProjectConfigurationPlatforms) = postSolution
		{CFBA41A5-4620-414D-A095-EA2EEB63CD73}.Debug|Any CPU.ActiveCfg = Debug|Any CPU
		{CFBA41A5-4620-414D-A095-EA2EEB63CD73}.Debug|Any CPU.Build.0 = Debug|Any CPU
		{CFBA41A5-4620-414D-A095-EA2EEB63CD73}.Release|Any CPU.ActiveCfg = Release|Any CPU
		{CFBA41A5-4620-414D-A095-EA2EEB63CD73}.Release|Any CPU.Build.0 = Release|Any CPU
	EndGlobalSection
	GlobalSection(SolutionProperties) = preSolution
		HideSolutionNode = FALSE
	EndGlobalSection
	GlobalSection(ExtensibilityGlobals) = postSolution
		SolutionGuid = {529F387A-50EF-4573-AFFB-290E1F0009D0}
	EndGlobalSection
EndGlobal
